PODS:
  - AMapFoundation (1.3.3)
  - AMapLocation (2.3.0):
    - AMapFoundation (~> 1.3)

DEPENDENCIES:
  - AMapLocation

SPEC CHECKSUMS:
  AMapFoundation: c086329a1f19afec00e4c197863665235eb43dc2
  AMapLocation: 5fb51fe0e35e68a899199651942e6234d6257d91

PODFILE CHECKSUM: c83c09b41e98ac9cad68f59e2dc42a4228e770b4

COCOAPODS: 1.1.1
