PODS:
  - AMapFoundation (1.3.4)
  - AMapLocation (2.3.1):
    - AMapFoundation (~> 1.3)

DEPENDENCIES:
  - AMapLocation

SPEC CHECKSUMS:
  AMapFoundation: 486493b8e9ae4a1cb7ce2d8d8978ee1aabf9bb34
  AMapLocation: 6016f0e09c127461c9c8e36945f34c0f037ad962

PODFILE CHECKSUM: c83c09b41e98ac9cad68f59e2dc42a4228e770b4

COCOAPODS: 1.1.1
