PODS:
  - AMapFoundation (1.4.2)
  - AMapLocation (2.4.0):
    - AMapFoundation (~> 1.4)

DEPENDENCIES:
  - AMapLocation

SPEC CHECKSUMS:
  AMapFoundation: 6c0471c9a6a0ad17dad46e3d800ad56ca170f82a
  AMapLocation: 47b62b5381a66e4d0c2931b70ffde72682427896

PODFILE CHECKSUM: c83c09b41e98ac9cad68f59e2dc42a4228e770b4

COCOAPODS: 1.2.1
