// !$*UTF8*$!
{
	archiveVersion = 1;
	classes = {
	};
	objectVersion = 46;
	objects = {

/* Begin PBXBuildFile section */
		5275074EA0BF8A3836CB82A7 /* libPods-assist-h5-location-demo.a in Frameworks */ = {isa = PBXBuildFile; fileRef = 3A9735BB4BF05D56D619B263 /* libPods-assist-h5-location-demo.a */; };
		D96AE63A1DEFBD5300E465F9 /* main.m in Sources */ = {isa = PBXBuildFile; fileRef = D96AE6391DEFBD5300E465F9 /* main.m */; };
		D96AE63D1DEFBD5300E465F9 /* AppDelegate.m in Sources */ = {isa = PBXBuildFile; fileRef = D96AE63C1DEFBD5300E465F9 /* AppDelegate.m */; };
		D96AE6401DEFBD5300E465F9 /* ViewController.m in Sources */ = {isa = PBXBuildFile; fileRef = D96AE63F1DEFBD5300E465F9 /* ViewController.m */; };
		D96AE6431DEFBD5300E465F9 /* Main.storyboard in Resources */ = {isa = PBXBuildFile; fileRef = D96AE6411DEFBD5300E465F9 /* Main.storyboard */; };
		D96AE6451DEFBD5300E465F9 /* Assets.xcassets in Resources */ = {isa = PBXBuildFile; fileRef = D96AE6441DEFBD5300E465F9 /* Assets.xcassets */; };
		D96AE6481DEFBD5300E465F9 /* LaunchScreen.storyboard in Resources */ = {isa = PBXBuildFile; fileRef = D96AE6461DEFBD5300E465F9 /* LaunchScreen.storyboard */; };
		D96AE6501DEFD2CE00E465F9 /* map.html in Resources */ = {isa = PBXBuildFile; fileRef = D96AE64F1DEFD2CE00E465F9 /* map.html */; };
		D96AE6531DF00A9C00E465F9 /* JavaScriptCore.framework in Frameworks */ = {isa = PBXBuildFile; fileRef = D96AE6521DF00A9B00E465F9 /* JavaScriptCore.framework */; };
		D96AE6561DF00EF600E465F9 /* JavaScriptObj.m in Sources */ = {isa = PBXBuildFile; fileRef = D96AE6551DF00EF600E465F9 /* JavaScriptObj.m */; };
		D96AE65C1DF0391E00E465F9 /* icon-72.png in Resources */ = {isa = PBXBuildFile; fileRef = D96AE6581DF0391E00E465F9 /* icon-72.png */; };
		D96AE65D1DF0391E00E465F9 /* icon-72@2x.png in Resources */ = {isa = PBXBuildFile; fileRef = D96AE6591DF0391E00E465F9 /* icon-72@2x.png */; };
		D96AE65E1DF0391E00E465F9 /* icon.png in Resources */ = {isa = PBXBuildFile; fileRef = D96AE65A1DF0391E00E465F9 /* icon.png */; };
		D96AE65F1DF0391E00E465F9 /* icon@2x.png in Resources */ = {isa = PBXBuildFile; fileRef = D96AE65B1DF0391E00E465F9 /* icon@2x.png */; };
		D971B6BF1E23318900F726EF /* AppDelegate.swift in Sources */ = {isa = PBXBuildFile; fileRef = D971B6BE1E23318900F726EF /* AppDelegate.swift */; };
		D971B6C11E23318900F726EF /* ViewController.swift in Sources */ = {isa = PBXBuildFile; fileRef = D971B6C01E23318900F726EF /* ViewController.swift */; };
		D971B6C41E23318900F726EF /* Main.storyboard in Resources */ = {isa = PBXBuildFile; fileRef = D971B6C21E23318900F726EF /* Main.storyboard */; };
		D971B6C61E23318900F726EF /* Assets.xcassets in Resources */ = {isa = PBXBuildFile; fileRef = D971B6C51E23318900F726EF /* Assets.xcassets */; };
		D971B6C91E23318900F726EF /* LaunchScreen.storyboard in Resources */ = {isa = PBXBuildFile; fileRef = D971B6C71E23318900F726EF /* LaunchScreen.storyboard */; };
		D971B6CF1E23326200F726EF /* map.html in Resources */ = {isa = PBXBuildFile; fileRef = D96AE64F1DEFD2CE00E465F9 /* map.html */; };
		D971B6D01E23326200F726EF /* icon-72.png in Resources */ = {isa = PBXBuildFile; fileRef = D96AE6581DF0391E00E465F9 /* icon-72.png */; };
		D971B6D11E23326200F726EF /* icon-72@2x.png in Resources */ = {isa = PBXBuildFile; fileRef = D96AE6591DF0391E00E465F9 /* icon-72@2x.png */; };
		D971B6D21E23326200F726EF /* icon.png in Resources */ = {isa = PBXBuildFile; fileRef = D96AE65A1DF0391E00E465F9 /* icon.png */; };
		D971B6D31E23326200F726EF /* icon@2x.png in Resources */ = {isa = PBXBuildFile; fileRef = D96AE65B1DF0391E00E465F9 /* icon@2x.png */; };
		D971B6D61E233A2C00F726EF /* JavaScriptCore.framework in Frameworks */ = {isa = PBXBuildFile; fileRef = D96AE6521DF00A9B00E465F9 /* JavaScriptCore.framework */; };
		D971B6DA1E234AC500F726EF /* JavaScriptObjInSwift.swift in Sources */ = {isa = PBXBuildFile; fileRef = D971B6D91E234AC500F726EF /* JavaScriptObjInSwift.swift */; };
		D98F9BE71E23931A0040F730 /* assist_h5_location_demoUITests.m in Sources */ = {isa = PBXBuildFile; fileRef = D98F9BE61E23931A0040F730 /* assist_h5_location_demoUITests.m */; };
		D98F9BF01E2396820040F730 /* MAMapUITestHelper.m in Sources */ = {isa = PBXBuildFile; fileRef = D98F9BEF1E2396820040F730 /* MAMapUITestHelper.m */; };
		E21863609A47466DA94304E1 /* libPods-assist-h5-location-demo-swift.a in Frameworks */ = {isa = PBXBuildFile; fileRef = 51C20E81ACFB6CFB7F7F8778 /* libPods-assist-h5-location-demo-swift.a */; };
/* End PBXBuildFile section */

/* Begin PBXContainerItemProxy section */
		D98F9BE91E23931A0040F730 /* PBXContainerItemProxy */ = {
			isa = PBXContainerItemProxy;
			containerPortal = D96AE62D1DEFBD5300E465F9 /* Project object */;
			proxyType = 1;
			remoteGlobalIDString = D96AE6341DEFBD5300E465F9;
			remoteInfo = "assist-h5-location-demo";
		};
/* End PBXContainerItemProxy section */

/* Begin PBXFileReference section */
		3A9735BB4BF05D56D619B263 /* libPods-assist-h5-location-demo.a */ = {isa = PBXFileReference; explicitFileType = archive.ar; includeInIndex = 0; path = "libPods-assist-h5-location-demo.a"; sourceTree = BUILT_PRODUCTS_DIR; };
		51C20E81ACFB6CFB7F7F8778 /* libPods-assist-h5-location-demo-swift.a */ = {isa = PBXFileReference; explicitFileType = archive.ar; includeInIndex = 0; path = "libPods-assist-h5-location-demo-swift.a"; sourceTree = BUILT_PRODUCTS_DIR; };
		60A5C210EAF916852DDCB891 /* Pods-assist-h5-location-demo-swift.release.xcconfig */ = {isa = PBXFileReference; includeInIndex = 1; lastKnownFileType = text.xcconfig; name = "Pods-assist-h5-location-demo-swift.release.xcconfig"; path = "Pods/Target Support Files/Pods-assist-h5-location-demo-swift/Pods-assist-h5-location-demo-swift.release.xcconfig"; sourceTree = "<group>"; };
		951AFB87400E9ECE04E7DB5A /* Pods-assist-h5-location-demo.debug.xcconfig */ = {isa = PBXFileReference; includeInIndex = 1; lastKnownFileType = text.xcconfig; name = "Pods-assist-h5-location-demo.debug.xcconfig"; path = "Pods/Target Support Files/Pods-assist-h5-location-demo/Pods-assist-h5-location-demo.debug.xcconfig"; sourceTree = "<group>"; };
		C43B1964204D04A47DC257C0 /* Pods-assist-h5-location-demo.release.xcconfig */ = {isa = PBXFileReference; includeInIndex = 1; lastKnownFileType = text.xcconfig; name = "Pods-assist-h5-location-demo.release.xcconfig"; path = "Pods/Target Support Files/Pods-assist-h5-location-demo/Pods-assist-h5-location-demo.release.xcconfig"; sourceTree = "<group>"; };
		D96AE6351DEFBD5300E465F9 /* assist-h5-location-demo.app */ = {isa = PBXFileReference; explicitFileType = wrapper.application; includeInIndex = 0; path = "assist-h5-location-demo.app"; sourceTree = BUILT_PRODUCTS_DIR; };
		D96AE6391DEFBD5300E465F9 /* main.m */ = {isa = PBXFileReference; lastKnownFileType = sourcecode.c.objc; path = main.m; sourceTree = "<group>"; };
		D96AE63B1DEFBD5300E465F9 /* AppDelegate.h */ = {isa = PBXFileReference; lastKnownFileType = sourcecode.c.h; path = AppDelegate.h; sourceTree = "<group>"; };
		D96AE63C1DEFBD5300E465F9 /* AppDelegate.m */ = {isa = PBXFileReference; lastKnownFileType = sourcecode.c.objc; path = AppDelegate.m; sourceTree = "<group>"; };
		D96AE63E1DEFBD5300E465F9 /* ViewController.h */ = {isa = PBXFileReference; lastKnownFileType = sourcecode.c.h; path = ViewController.h; sourceTree = "<group>"; };
		D96AE63F1DEFBD5300E465F9 /* ViewController.m */ = {isa = PBXFileReference; lastKnownFileType = sourcecode.c.objc; path = ViewController.m; sourceTree = "<group>"; };
		D96AE6421DEFBD5300E465F9 /* Base */ = {isa = PBXFileReference; lastKnownFileType = file.storyboard; name = Base; path = Base.lproj/Main.storyboard; sourceTree = "<group>"; };
		D96AE6441DEFBD5300E465F9 /* Assets.xcassets */ = {isa = PBXFileReference; lastKnownFileType = folder.assetcatalog; path = Assets.xcassets; sourceTree = "<group>"; };
		D96AE6471DEFBD5300E465F9 /* Base */ = {isa = PBXFileReference; lastKnownFileType = file.storyboard; name = Base; path = Base.lproj/LaunchScreen.storyboard; sourceTree = "<group>"; };
		D96AE6491DEFBD5300E465F9 /* Info.plist */ = {isa = PBXFileReference; lastKnownFileType = text.plist.xml; path = Info.plist; sourceTree = "<group>"; };
		D96AE64F1DEFD2CE00E465F9 /* map.html */ = {isa = PBXFileReference; fileEncoding = 4; lastKnownFileType = text.html; path = map.html; sourceTree = "<group>"; };
		D96AE6511DEFE22500E465F9 /* APIKey.h */ = {isa = PBXFileReference; lastKnownFileType = sourcecode.c.h; path = APIKey.h; sourceTree = "<group>"; };
		D96AE6521DF00A9B00E465F9 /* JavaScriptCore.framework */ = {isa = PBXFileReference; lastKnownFileType = wrapper.framework; name = JavaScriptCore.framework; path = System/Library/Frameworks/JavaScriptCore.framework; sourceTree = SDKROOT; };
		D96AE6541DF00EF600E465F9 /* JavaScriptObj.h */ = {isa = PBXFileReference; fileEncoding = 4; lastKnownFileType = sourcecode.c.h; path = JavaScriptObj.h; sourceTree = "<group>"; };
		D96AE6551DF00EF600E465F9 /* JavaScriptObj.m */ = {isa = PBXFileReference; fileEncoding = 4; lastKnownFileType = sourcecode.c.objc; path = JavaScriptObj.m; sourceTree = "<group>"; };
		D96AE6581DF0391E00E465F9 /* icon-72.png */ = {isa = PBXFileReference; lastKnownFileType = image.png; path = "icon-72.png"; sourceTree = "<group>"; };
		D96AE6591DF0391E00E465F9 /* icon-72@2x.png */ = {isa = PBXFileReference; lastKnownFileType = image.png; path = "icon-72@2x.png"; sourceTree = "<group>"; };
		D96AE65A1DF0391E00E465F9 /* icon.png */ = {isa = PBXFileReference; lastKnownFileType = image.png; path = icon.png; sourceTree = "<group>"; };
		D96AE65B1DF0391E00E465F9 /* icon@2x.png */ = {isa = PBXFileReference; lastKnownFileType = image.png; path = "icon@2x.png"; sourceTree = "<group>"; };
		D971B6BC1E23318800F726EF /* assist-h5-location-demo-swift.app */ = {isa = PBXFileReference; explicitFileType = wrapper.application; includeInIndex = 0; path = "assist-h5-location-demo-swift.app"; sourceTree = BUILT_PRODUCTS_DIR; };
		D971B6BE1E23318900F726EF /* AppDelegate.swift */ = {isa = PBXFileReference; lastKnownFileType = sourcecode.swift; path = AppDelegate.swift; sourceTree = "<group>"; };
		D971B6C01E23318900F726EF /* ViewController.swift */ = {isa = PBXFileReference; lastKnownFileType = sourcecode.swift; path = ViewController.swift; sourceTree = "<group>"; };
		D971B6C31E23318900F726EF /* Base */ = {isa = PBXFileReference; lastKnownFileType = file.storyboard; name = Base; path = Base.lproj/Main.storyboard; sourceTree = "<group>"; };
		D971B6C51E23318900F726EF /* Assets.xcassets */ = {isa = PBXFileReference; lastKnownFileType = folder.assetcatalog; path = Assets.xcassets; sourceTree = "<group>"; };
		D971B6C81E23318900F726EF /* Base */ = {isa = PBXFileReference; lastKnownFileType = file.storyboard; name = Base; path = Base.lproj/LaunchScreen.storyboard; sourceTree = "<group>"; };
		D971B6CA1E23318900F726EF /* Info.plist */ = {isa = PBXFileReference; lastKnownFileType = text.plist.xml; path = Info.plist; sourceTree = "<group>"; };
		D971B6CE1E2331D000F726EF /* Swift-Bridging-Header.h */ = {isa = PBXFileReference; lastKnownFileType = sourcecode.c.h; path = "Swift-Bridging-Header.h"; sourceTree = "<group>"; };
		D971B6D91E234AC500F726EF /* JavaScriptObjInSwift.swift */ = {isa = PBXFileReference; fileEncoding = 4; lastKnownFileType = sourcecode.swift; path = JavaScriptObjInSwift.swift; sourceTree = "<group>"; };
		D98F9BE41E23931A0040F730 /* assist-h5-location-demoUITests.xctest */ = {isa = PBXFileReference; explicitFileType = wrapper.cfbundle; includeInIndex = 0; path = "assist-h5-location-demoUITests.xctest"; sourceTree = BUILT_PRODUCTS_DIR; };
		D98F9BE61E23931A0040F730 /* assist_h5_location_demoUITests.m */ = {isa = PBXFileReference; lastKnownFileType = sourcecode.c.objc; path = assist_h5_location_demoUITests.m; sourceTree = "<group>"; };
		D98F9BE81E23931A0040F730 /* Info.plist */ = {isa = PBXFileReference; lastKnownFileType = text.plist.xml; path = Info.plist; sourceTree = "<group>"; };
		D98F9BEE1E2396820040F730 /* MAMapUITestHelper.h */ = {isa = PBXFileReference; fileEncoding = 4; lastKnownFileType = sourcecode.c.h; path = MAMapUITestHelper.h; sourceTree = "<group>"; };
		D98F9BEF1E2396820040F730 /* MAMapUITestHelper.m */ = {isa = PBXFileReference; fileEncoding = 4; lastKnownFileType = sourcecode.c.objc; path = MAMapUITestHelper.m; sourceTree = "<group>"; };
		F5AB9C201EB523290F52230D /* Pods-assist-h5-location-demo-swift.debug.xcconfig */ = {isa = PBXFileReference; includeInIndex = 1; lastKnownFileType = text.xcconfig; name = "Pods-assist-h5-location-demo-swift.debug.xcconfig"; path = "Pods/Target Support Files/Pods-assist-h5-location-demo-swift/Pods-assist-h5-location-demo-swift.debug.xcconfig"; sourceTree = "<group>"; };
/* End PBXFileReference section */

/* Begin PBXFrameworksBuildPhase section */
		D96AE6321DEFBD5300E465F9 /* Frameworks */ = {
			isa = PBXFrameworksBuildPhase;
			buildActionMask = 2147483647;
			files = (
				D96AE6531DF00A9C00E465F9 /* JavaScriptCore.framework in Frameworks */,
				5275074EA0BF8A3836CB82A7 /* libPods-assist-h5-location-demo.a in Frameworks */,
			);
			runOnlyForDeploymentPostprocessing = 0;
		};
		D971B6B91E23318800F726EF /* Frameworks */ = {
			isa = PBXFrameworksBuildPhase;
			buildActionMask = 2147483647;
			files = (
				D971B6D61E233A2C00F726EF /* JavaScriptCore.framework in Frameworks */,
				E21863609A47466DA94304E1 /* libPods-assist-h5-location-demo-swift.a in Frameworks */,
			);
			runOnlyForDeploymentPostprocessing = 0;
		};
		D98F9BE11E23931A0040F730 /* Frameworks */ = {
			isa = PBXFrameworksBuildPhase;
			buildActionMask = 2147483647;
			files = (
			);
			runOnlyForDeploymentPostprocessing = 0;
		};
/* End PBXFrameworksBuildPhase section */

/* Begin PBXGroup section */
		AD3749BED28A5F0991E072ED /* Frameworks */ = {
			isa = PBXGroup;
			children = (
				D96AE6521DF00A9B00E465F9 /* JavaScriptCore.framework */,
				3A9735BB4BF05D56D619B263 /* libPods-assist-h5-location-demo.a */,
				51C20E81ACFB6CFB7F7F8778 /* libPods-assist-h5-location-demo-swift.a */,
			);
			name = Frameworks;
			sourceTree = "<group>";
		};
		D96AE62C1DEFBD5300E465F9 = {
			isa = PBXGroup;
			children = (
				D96AE6371DEFBD5300E465F9 /* assist-h5-location-demo */,
				D971B6BD1E23318900F726EF /* assist-h5-location-demo-swift */,
				D98F9BE51E23931A0040F730 /* assist-h5-location-demoUITests */,
				D96AE6361DEFBD5300E465F9 /* Products */,
				EE2BB79333425E699AB6AC42 /* Pods */,
				AD3749BED28A5F0991E072ED /* Frameworks */,
			);
			sourceTree = "<group>";
		};
		D96AE6361DEFBD5300E465F9 /* Products */ = {
			isa = PBXGroup;
			children = (
				D96AE6351DEFBD5300E465F9 /* assist-h5-location-demo.app */,
				D971B6BC1E23318800F726EF /* assist-h5-location-demo-swift.app */,
				D98F9BE41E23931A0040F730 /* assist-h5-location-demoUITests.xctest */,
			);
			name = Products;
			sourceTree = "<group>";
		};
		D96AE6371DEFBD5300E465F9 /* assist-h5-location-demo */ = {
			isa = PBXGroup;
			children = (
				D96AE63B1DEFBD5300E465F9 /* AppDelegate.h */,
				D96AE63C1DEFBD5300E465F9 /* AppDelegate.m */,
				D96AE63E1DEFBD5300E465F9 /* ViewController.h */,
				D96AE63F1DEFBD5300E465F9 /* ViewController.m */,
				D96AE6541DF00EF600E465F9 /* JavaScriptObj.h */,
				D96AE6551DF00EF600E465F9 /* JavaScriptObj.m */,
				D96AE6511DEFE22500E465F9 /* APIKey.h */,
				D96AE64F1DEFD2CE00E465F9 /* map.html */,
				D96AE6411DEFBD5300E465F9 /* Main.storyboard */,
				D96AE6441DEFBD5300E465F9 /* Assets.xcassets */,
				D96AE6461DEFBD5300E465F9 /* LaunchScreen.storyboard */,
				D96AE6491DEFBD5300E465F9 /* Info.plist */,
				D96AE6571DF0391E00E465F9 /* icon */,
				D96AE6381DEFBD5300E465F9 /* Supporting Files */,
			);
			path = "assist-h5-location-demo";
			sourceTree = "<group>";
		};
		D96AE6381DEFBD5300E465F9 /* Supporting Files */ = {
			isa = PBXGroup;
			children = (
				D96AE6391DEFBD5300E465F9 /* main.m */,
			);
			name = "Supporting Files";
			sourceTree = "<group>";
		};
		D96AE6571DF0391E00E465F9 /* icon */ = {
			isa = PBXGroup;
			children = (
				D96AE6581DF0391E00E465F9 /* icon-72.png */,
				D96AE6591DF0391E00E465F9 /* icon-72@2x.png */,
				D96AE65A1DF0391E00E465F9 /* icon.png */,
				D96AE65B1DF0391E00E465F9 /* icon@2x.png */,
			);
			path = icon;
			sourceTree = "<group>";
		};
		D971B6BD1E23318900F726EF /* assist-h5-location-demo-swift */ = {
			isa = PBXGroup;
			children = (
				D971B6BE1E23318900F726EF /* AppDelegate.swift */,
				D971B6CE1E2331D000F726EF /* Swift-Bridging-Header.h */,
				D971B6C01E23318900F726EF /* ViewController.swift */,
				D971B6D91E234AC500F726EF /* JavaScriptObjInSwift.swift */,
				D971B6C21E23318900F726EF /* Main.storyboard */,
				D971B6C51E23318900F726EF /* Assets.xcassets */,
				D971B6C71E23318900F726EF /* LaunchScreen.storyboard */,
				D971B6CA1E23318900F726EF /* Info.plist */,
			);
			path = "assist-h5-location-demo-swift";
			sourceTree = "<group>";
		};
		D98F9BE51E23931A0040F730 /* assist-h5-location-demoUITests */ = {
			isa = PBXGroup;
			children = (
				D98F9BE61E23931A0040F730 /* assist_h5_location_demoUITests.m */,
				D98F9BEE1E2396820040F730 /* MAMapUITestHelper.h */,
				D98F9BEF1E2396820040F730 /* MAMapUITestHelper.m */,
				D98F9BE81E23931A0040F730 /* Info.plist */,
			);
			path = "assist-h5-location-demoUITests";
			sourceTree = "<group>";
		};
		EE2BB79333425E699AB6AC42 /* Pods */ = {
			isa = PBXGroup;
			children = (
				951AFB87400E9ECE04E7DB5A /* Pods-assist-h5-location-demo.debug.xcconfig */,
				C43B1964204D04A47DC257C0 /* Pods-assist-h5-location-demo.release.xcconfig */,
				F5AB9C201EB523290F52230D /* Pods-assist-h5-location-demo-swift.debug.xcconfig */,
				60A5C210EAF916852DDCB891 /* Pods-assist-h5-location-demo-swift.release.xcconfig */,
			);
			name = Pods;
			sourceTree = "<group>";
		};
/* End PBXGroup section */

/* Begin PBXNativeTarget section */
		D96AE6341DEFBD5300E465F9 /* assist-h5-location-demo */ = {
			isa = PBXNativeTarget;
			buildConfigurationList = D96AE64C1DEFBD5300E465F9 /* Build configuration list for PBXNativeTarget "assist-h5-location-demo" */;
			buildPhases = (
				515ECFDBD092C5F2F4699874 /* [CP] Check Pods Manifest.lock */,
				D96AE6311DEFBD5300E465F9 /* Sources */,
				D96AE6321DEFBD5300E465F9 /* Frameworks */,
				D96AE6331DEFBD5300E465F9 /* Resources */,
				BFA1EB1CC1A86441DB092C4C /* [CP] Embed Pods Frameworks */,
				469B7D8B9E423F4FA6E47217 /* [CP] Copy Pods Resources */,
			);
			buildRules = (
			);
			dependencies = (
			);
			name = "assist-h5-location-demo";
			productName = "assist-h5-location-demo";
			productReference = D96AE6351DEFBD5300E465F9 /* assist-h5-location-demo.app */;
			productType = "com.apple.product-type.application";
		};
		D971B6BB1E23318800F726EF /* assist-h5-location-demo-swift */ = {
			isa = PBXNativeTarget;
			buildConfigurationList = D971B6CD1E23318900F726EF /* Build configuration list for PBXNativeTarget "assist-h5-location-demo-swift" */;
			buildPhases = (
				A3A33528B38322C8C735F0F5 /* [CP] Check Pods Manifest.lock */,
				D971B6B81E23318800F726EF /* Sources */,
				D971B6B91E23318800F726EF /* Frameworks */,
				D971B6BA1E23318800F726EF /* Resources */,
				B792246D1FC28F538C79814E /* [CP] Embed Pods Frameworks */,
				DDEC60E7F73726DE7A62DAB2 /* [CP] Copy Pods Resources */,
			);
			buildRules = (
			);
			dependencies = (
			);
			name = "assist-h5-location-demo-swift";
			productName = "assist-h5-location-demo-swift";
			productReference = D971B6BC1E23318800F726EF /* assist-h5-location-demo-swift.app */;
			productType = "com.apple.product-type.application";
		};
		D98F9BE31E23931A0040F730 /* assist-h5-location-demoUITests */ = {
			isa = PBXNativeTarget;
			buildConfigurationList = D98F9BED1E23931A0040F730 /* Build configuration list for PBXNativeTarget "assist-h5-location-demoUITests" */;
			buildPhases = (
				D98F9BE01E23931A0040F730 /* Sources */,
				D98F9BE11E23931A0040F730 /* Frameworks */,
				D98F9BE21E23931A0040F730 /* Resources */,
			);
			buildRules = (
			);
			dependencies = (
				D98F9BEA1E23931A0040F730 /* PBXTargetDependency */,
			);
			name = "assist-h5-location-demoUITests";
			productName = "assist-h5-location-demoUITests";
			productReference = D98F9BE41E23931A0040F730 /* assist-h5-location-demoUITests.xctest */;
			productType = "com.apple.product-type.bundle.ui-testing";
		};
/* End PBXNativeTarget section */

/* Begin PBXProject section */
		D96AE62D1DEFBD5300E465F9 /* Project object */ = {
			isa = PBXProject;
			attributes = {
				LastSwiftUpdateCheck = 0820;
				LastUpgradeCheck = 0810;
				ORGANIZATIONNAME = autonavi;
				TargetAttributes = {
					D96AE6341DEFBD5300E465F9 = {
						CreatedOnToolsVersion = 8.1;
						DevelopmentTeam = YMJ372W38W;
						ProvisioningStyle = Manual;
						SystemCapabilities = {
							com.apple.BackgroundModes = {
								enabled = 0;
							};
						};
					};
					D971B6BB1E23318800F726EF = {
						CreatedOnToolsVersion = 8.2;
						DevelopmentTeam = YMJ372W38W;
						ProvisioningStyle = Manual;
					};
					D98F9BE31E23931A0040F730 = {
						CreatedOnToolsVersion = 8.2;
						DevelopmentTeam = YMJ372W38W;
						ProvisioningStyle = Manual;
						TestTargetID = D96AE6341DEFBD5300E465F9;
					};
				};
			};
			buildConfigurationList = D96AE6301DEFBD5300E465F9 /* Build configuration list for PBXProject "assist-h5-location-demo" */;
			compatibilityVersion = "Xcode 3.2";
			developmentRegion = English;
			hasScannedForEncodings = 0;
			knownRegions = (
				en,
				Base,
			);
			mainGroup = D96AE62C1DEFBD5300E465F9;
			productRefGroup = D96AE6361DEFBD5300E465F9 /* Products */;
			projectDirPath = "";
			projectRoot = "";
			targets = (
				D96AE6341DEFBD5300E465F9 /* assist-h5-location-demo */,
				D971B6BB1E23318800F726EF /* assist-h5-location-demo-swift */,
				D98F9BE31E23931A0040F730 /* assist-h5-location-demoUITests */,
			);
		};
/* End PBXProject section */

/* Begin PBXResourcesBuildPhase section */
		D96AE6331DEFBD5300E465F9 /* Resources */ = {
			isa = PBXResourcesBuildPhase;
			buildActionMask = 2147483647;
			files = (
				D96AE65C1DF0391E00E465F9 /* icon-72.png in Resources */,
				D96AE65F1DF0391E00E465F9 /* icon@2x.png in Resources */,
				D96AE65E1DF0391E00E465F9 /* icon.png in Resources */,
				D96AE6481DEFBD5300E465F9 /* LaunchScreen.storyboard in Resources */,
				D96AE6501DEFD2CE00E465F9 /* map.html in Resources */,
				D96AE6451DEFBD5300E465F9 /* Assets.xcassets in Resources */,
				D96AE65D1DF0391E00E465F9 /* icon-72@2x.png in Resources */,
				D96AE6431DEFBD5300E465F9 /* Main.storyboard in Resources */,
			);
			runOnlyForDeploymentPostprocessing = 0;
		};
		D971B6BA1E23318800F726EF /* Resources */ = {
			isa = PBXResourcesBuildPhase;
			buildActionMask = 2147483647;
			files = (
				D971B6CF1E23326200F726EF /* map.html in Resources */,
				D971B6D01E23326200F726EF /* icon-72.png in Resources */,
				D971B6D11E23326200F726EF /* icon-72@2x.png in Resources */,
				D971B6D21E23326200F726EF /* icon.png in Resources */,
				D971B6D31E23326200F726EF /* icon@2x.png in Resources */,
				D971B6C91E23318900F726EF /* LaunchScreen.storyboard in Resources */,
				D971B6C61E23318900F726EF /* Assets.xcassets in Resources */,
				D971B6C41E23318900F726EF /* Main.storyboard in Resources */,
			);
			runOnlyForDeploymentPostprocessing = 0;
		};
		D98F9BE21E23931A0040F730 /* Resources */ = {
			isa = PBXResourcesBuildPhase;
			buildActionMask = 2147483647;
			files = (
			);
			runOnlyForDeploymentPostprocessing = 0;
		};
/* End PBXResourcesBuildPhase section */

/* Begin PBXShellScriptBuildPhase section */
		469B7D8B9E423F4FA6E47217 /* [CP] Copy Pods Resources */ = {
			isa = PBXShellScriptBuildPhase;
			buildActionMask = 2147483647;
			files = (
			);
			inputPaths = (
			);
			name = "[CP] Copy Pods Resources";
			outputPaths = (
			);
			runOnlyForDeploymentPostprocessing = 0;
			shellPath = /bin/sh;
			shellScript = "\"${SRCROOT}/Pods/Target Support Files/Pods-assist-h5-location-demo/Pods-assist-h5-location-demo-resources.sh\"\n";
			showEnvVarsInLog = 0;
		};
		515ECFDBD092C5F2F4699874 /* [CP] Check Pods Manifest.lock */ = {
			isa = PBXShellScriptBuildPhase;
			buildActionMask = 2147483647;
			files = (
			);
			inputPaths = (
			);
			name = "[CP] Check Pods Manifest.lock";
			outputPaths = (
			);
			runOnlyForDeploymentPostprocessing = 0;
			shellPath = /bin/sh;
			shellScript = "diff \"${PODS_ROOT}/../Podfile.lock\" \"${PODS_ROOT}/Manifest.lock\" > /dev/null\nif [ $? != 0 ] ; then\n    # print error to STDERR\n    echo \"error: The sandbox is not in sync with the Podfile.lock. Run 'pod install' or update your CocoaPods installation.\" >&2\n    exit 1\nfi\n";
			showEnvVarsInLog = 0;
		};
		A3A33528B38322C8C735F0F5 /* [CP] Check Pods Manifest.lock */ = {
			isa = PBXShellScriptBuildPhase;
			buildActionMask = 2147483647;
			files = (
			);
			inputPaths = (
			);
			name = "[CP] Check Pods Manifest.lock";
			outputPaths = (
			);
			runOnlyForDeploymentPostprocessing = 0;
			shellPath = /bin/sh;
			shellScript = "diff \"${PODS_ROOT}/../Podfile.lock\" \"${PODS_ROOT}/Manifest.lock\" > /dev/null\nif [ $? != 0 ] ; then\n    # print error to STDERR\n    echo \"error: The sandbox is not in sync with the Podfile.lock. Run 'pod install' or update your CocoaPods installation.\" >&2\n    exit 1\nfi\n";
			showEnvVarsInLog = 0;
		};
		B792246D1FC28F538C79814E /* [CP] Embed Pods Frameworks */ = {
			isa = PBXShellScriptBuildPhase;
			buildActionMask = 2147483647;
			files = (
			);
			inputPaths = (
			);
			name = "[CP] Embed Pods Frameworks";
			outputPaths = (
			);
			runOnlyForDeploymentPostprocessing = 0;
			shellPath = /bin/sh;
			shellScript = "\"${SRCROOT}/Pods/Target Support Files/Pods-assist-h5-location-demo-swift/Pods-assist-h5-location-demo-swift-frameworks.sh\"\n";
			showEnvVarsInLog = 0;
		};
		BFA1EB1CC1A86441DB092C4C /* [CP] Embed Pods Frameworks */ = {
			isa = PBXShellScriptBuildPhase;
			buildActionMask = 2147483647;
			files = (
			);
			inputPaths = (
			);
			name = "[CP] Embed Pods Frameworks";
			outputPaths = (
			);
			runOnlyForDeploymentPostprocessing = 0;
			shellPath = /bin/sh;
			shellScript = "\"${SRCROOT}/Pods/Target Support Files/Pods-assist-h5-location-demo/Pods-assist-h5-location-demo-frameworks.sh\"\n";
			showEnvVarsInLog = 0;
		};
		DDEC60E7F73726DE7A62DAB2 /* [CP] Copy Pods Resources */ = {
			isa = PBXShellScriptBuildPhase;
			buildActionMask = 2147483647;
			files = (
			);
			inputPaths = (
			);
			name = "[CP] Copy Pods Resources";
			outputPaths = (
			);
			runOnlyForDeploymentPostprocessing = 0;
			shellPath = /bin/sh;
			shellScript = "\"${SRCROOT}/Pods/Target Support Files/Pods-assist-h5-location-demo-swift/Pods-assist-h5-location-demo-swift-resources.sh\"\n";
			showEnvVarsInLog = 0;
		};
/* End PBXShellScriptBuildPhase section */

/* Begin PBXSourcesBuildPhase section */
		D96AE6311DEFBD5300E465F9 /* Sources */ = {
			isa = PBXSourcesBuildPhase;
			buildActionMask = 2147483647;
			files = (
				D96AE6561DF00EF600E465F9 /* JavaScriptObj.m in Sources */,
				D96AE6401DEFBD5300E465F9 /* ViewController.m in Sources */,
				D96AE63D1DEFBD5300E465F9 /* AppDelegate.m in Sources */,
				D96AE63A1DEFBD5300E465F9 /* main.m in Sources */,
			);
			runOnlyForDeploymentPostprocessing = 0;
		};
		D971B6B81E23318800F726EF /* Sources */ = {
			isa = PBXSourcesBuildPhase;
			buildActionMask = 2147483647;
			files = (
				D971B6C11E23318900F726EF /* ViewController.swift in Sources */,
				D971B6DA1E234AC500F726EF /* JavaScriptObjInSwift.swift in Sources */,
				D971B6BF1E23318900F726EF /* AppDelegate.swift in Sources */,
			);
			runOnlyForDeploymentPostprocessing = 0;
		};
		D98F9BE01E23931A0040F730 /* Sources */ = {
			isa = PBXSourcesBuildPhase;
			buildActionMask = 2147483647;
			files = (
				D98F9BF01E2396820040F730 /* MAMapUITestHelper.m in Sources */,
				D98F9BE71E23931A0040F730 /* assist_h5_location_demoUITests.m in Sources */,
			);
			runOnlyForDeploymentPostprocessing = 0;
		};
/* End PBXSourcesBuildPhase section */

/* Begin PBXTargetDependency section */
		D98F9BEA1E23931A0040F730 /* PBXTargetDependency */ = {
			isa = PBXTargetDependency;
			target = D96AE6341DEFBD5300E465F9 /* assist-h5-location-demo */;
			targetProxy = D98F9BE91E23931A0040F730 /* PBXContainerItemProxy */;
		};
/* End PBXTargetDependency section */

/* Begin PBXVariantGroup section */
		D96AE6411DEFBD5300E465F9 /* Main.storyboard */ = {
			isa = PBXVariantGroup;
			children = (
				D96AE6421DEFBD5300E465F9 /* Base */,
			);
			name = Main.storyboard;
			sourceTree = "<group>";
		};
		D96AE6461DEFBD5300E465F9 /* LaunchScreen.storyboard */ = {
			isa = PBXVariantGroup;
			children = (
				D96AE6471DEFBD5300E465F9 /* Base */,
			);
			name = LaunchScreen.storyboard;
			sourceTree = "<group>";
		};
		D971B6C21E23318900F726EF /* Main.storyboard */ = {
			isa = PBXVariantGroup;
			children = (
				D971B6C31E23318900F726EF /* Base */,
			);
			name = Main.storyboard;
			sourceTree = "<group>";
		};
		D971B6C71E23318900F726EF /* LaunchScreen.storyboard */ = {
			isa = PBXVariantGroup;
			children = (
				D971B6C81E23318900F726EF /* Base */,
			);
			name = LaunchScreen.storyboard;
			sourceTree = "<group>";
		};
/* End PBXVariantGroup section */

/* Begin XCBuildConfiguration section */
		D96AE64A1DEFBD5300E465F9 /* Debug */ = {
			isa = XCBuildConfiguration;
			buildSettings = {
				ALWAYS_SEARCH_USER_PATHS = NO;
				CLANG_ANALYZER_NONNULL = YES;
				CLANG_CXX_LANGUAGE_STANDARD = "gnu++0x";
				CLANG_CXX_LIBRARY = "libc++";
				CLANG_ENABLE_MODULES = YES;
				CLANG_ENABLE_OBJC_ARC = YES;
				CLANG_WARN_BOOL_CONVERSION = YES;
				CLANG_WARN_CONSTANT_CONVERSION = YES;
				CLANG_WARN_DIRECT_OBJC_ISA_USAGE = YES_ERROR;
				CLANG_WARN_DOCUMENTATION_COMMENTS = YES;
				CLANG_WARN_EMPTY_BODY = YES;
				CLANG_WARN_ENUM_CONVERSION = YES;
				CLANG_WARN_INFINITE_RECURSION = YES;
				CLANG_WARN_INT_CONVERSION = YES;
				CLANG_WARN_OBJC_ROOT_CLASS = YES_ERROR;
				CLANG_WARN_SUSPICIOUS_MOVES = YES;
				CLANG_WARN_UNREACHABLE_CODE = YES;
				CLANG_WARN__DUPLICATE_METHOD_MATCH = YES;
				"CODE_SIGN_IDENTITY[sdk=iphoneos*]" = "iPhone Developer";
				COPY_PHASE_STRIP = NO;
				DEBUG_INFORMATION_FORMAT = dwarf;
				ENABLE_STRICT_OBJC_MSGSEND = YES;
				ENABLE_TESTABILITY = YES;
				GCC_C_LANGUAGE_STANDARD = gnu99;
				GCC_DYNAMIC_NO_PIC = NO;
				GCC_NO_COMMON_BLOCKS = YES;
				GCC_OPTIMIZATION_LEVEL = 0;
				GCC_PREPROCESSOR_DEFINITIONS = (
					"DEBUG=1",
					"$(inherited)",
				);
				GCC_WARN_64_TO_32_BIT_CONVERSION = YES;
				GCC_WARN_ABOUT_RETURN_TYPE = YES_ERROR;
				GCC_WARN_UNDECLARED_SELECTOR = YES;
				GCC_WARN_UNINITIALIZED_AUTOS = YES_AGGRESSIVE;
				GCC_WARN_UNUSED_FUNCTION = YES;
				GCC_WARN_UNUSED_VARIABLE = YES;
				IPHONEOS_DEPLOYMENT_TARGET = 10.1;
				MTL_ENABLE_DEBUG_INFO = YES;
				ONLY_ACTIVE_ARCH = YES;
				SDKROOT = iphoneos;
			};
			name = Debug;
		};
		D96AE64B1DEFBD5300E465F9 /* Release */ = {
			isa = XCBuildConfiguration;
			buildSettings = {
				ALWAYS_SEARCH_USER_PATHS = NO;
				CLANG_ANALYZER_NONNULL = YES;
				CLANG_CXX_LANGUAGE_STANDARD = "gnu++0x";
				CLANG_CXX_LIBRARY = "libc++";
				CLANG_ENABLE_MODULES = YES;
				CLANG_ENABLE_OBJC_ARC = YES;
				CLANG_WARN_BOOL_CONVERSION = YES;
				CLANG_WARN_CONSTANT_CONVERSION = YES;
				CLANG_WARN_DIRECT_OBJC_ISA_USAGE = YES_ERROR;
				CLANG_WARN_DOCUMENTATION_COMMENTS = YES;
				CLANG_WARN_EMPTY_BODY = YES;
				CLANG_WARN_ENUM_CONVERSION = YES;
				CLANG_WARN_INFINITE_RECURSION = YES;
				CLANG_WARN_INT_CONVERSION = YES;
				CLANG_WARN_OBJC_ROOT_CLASS = YES_ERROR;
				CLANG_WARN_SUSPICIOUS_MOVES = YES;
				CLANG_WARN_UNREACHABLE_CODE = YES;
				CLANG_WARN__DUPLICATE_METHOD_MATCH = YES;
				"CODE_SIGN_IDENTITY[sdk=iphoneos*]" = "iPhone Developer";
				COPY_PHASE_STRIP = NO;
				DEBUG_INFORMATION_FORMAT = "dwarf-with-dsym";
				ENABLE_NS_ASSERTIONS = NO;
				ENABLE_STRICT_OBJC_MSGSEND = YES;
				GCC_C_LANGUAGE_STANDARD = gnu99;
				GCC_NO_COMMON_BLOCKS = YES;
				GCC_WARN_64_TO_32_BIT_CONVERSION = YES;
				GCC_WARN_ABOUT_RETURN_TYPE = YES_ERROR;
				GCC_WARN_UNDECLARED_SELECTOR = YES;
				GCC_WARN_UNINITIALIZED_AUTOS = YES_AGGRESSIVE;
				GCC_WARN_UNUSED_FUNCTION = YES;
				GCC_WARN_UNUSED_VARIABLE = YES;
				IPHONEOS_DEPLOYMENT_TARGET = 10.1;
				MTL_ENABLE_DEBUG_INFO = NO;
				SDKROOT = iphoneos;
				VALIDATE_PRODUCT = YES;
			};
			name = Release;
		};
		D96AE64D1DEFBD5300E465F9 /* Debug */ = {
			isa = XCBuildConfiguration;
			baseConfigurationReference = 951AFB87400E9ECE04E7DB5A /* Pods-assist-h5-location-demo.debug.xcconfig */;
			buildSettings = {
				ASSETCATALOG_COMPILER_APPICON_NAME = AppIcon;
				DEVELOPMENT_TEAM = YMJ372W38W;
				INFOPLIST_FILE = "assist-h5-location-demo/Info.plist";
				IPHONEOS_DEPLOYMENT_TARGET = 8.0;
				LD_RUNPATH_SEARCH_PATHS = "$(inherited) @executable_path/Frameworks";
				PRODUCT_BUNDLE_IDENTIFIER = "com.autonavi.assist-h5-location-demo";
				PRODUCT_NAME = "$(TARGET_NAME)";
				PROVISIONING_PROFILE = "d723e77c-6c92-4e6a-98d7-8717d0b88b87";
				PROVISIONING_PROFILE_SPECIFIER = openPlatform_development;
			};
			name = Debug;
		};
		D96AE64E1DEFBD5300E465F9 /* Release */ = {
			isa = XCBuildConfiguration;
			baseConfigurationReference = C43B1964204D04A47DC257C0 /* Pods-assist-h5-location-demo.release.xcconfig */;
			buildSettings = {
				ASSETCATALOG_COMPILER_APPICON_NAME = AppIcon;
				"CODE_SIGN_IDENTITY[sdk=iphoneos*]" = "iPhone Distribution";
				DEVELOPMENT_TEAM = YMJ372W38W;
				INFOPLIST_FILE = "assist-h5-location-demo/Info.plist";
				IPHONEOS_DEPLOYMENT_TARGET = 8.0;
				LD_RUNPATH_SEARCH_PATHS = "$(inherited) @executable_path/Frameworks";
				PRODUCT_BUNDLE_IDENTIFIER = "com.autonavi.assist-h5-location-demo";
				PRODUCT_NAME = "$(TARGET_NAME)";
				PROVISIONING_PROFILE = "a892512d-fe94-4702-b716-0b66880b936d";
				PROVISIONING_PROFILE_SPECIFIER = openPlatformInhouse;
			};
			name = Release;
		};
		D971B6CB1E23318900F726EF /* Debug */ = {
			isa = XCBuildConfiguration;
			baseConfigurationReference = F5AB9C201EB523290F52230D /* Pods-assist-h5-location-demo-swift.debug.xcconfig */;
			buildSettings = {
				ASSETCATALOG_COMPILER_APPICON_NAME = AppIcon;
				CLANG_WARN_SUSPICIOUS_MOVE = YES;
				DEVELOPMENT_TEAM = YMJ372W38W;
				INFOPLIST_FILE = "assist-h5-location-demo-swift/Info.plist";
				IPHONEOS_DEPLOYMENT_TARGET = 8.0;
				LD_RUNPATH_SEARCH_PATHS = "$(inherited) @executable_path/Frameworks";
				PRODUCT_BUNDLE_IDENTIFIER = "com.autonavi.assist-h5-location-demo";
				PRODUCT_NAME = "$(TARGET_NAME)";
				PROVISIONING_PROFILE = "8014ae4e-33b6-4937-87e3-3725a2aad4f7";
				PROVISIONING_PROFILE_SPECIFIER = openPlatform_development;
				SWIFT_ACTIVE_COMPILATION_CONDITIONS = DEBUG;
				SWIFT_OBJC_BRIDGING_HEADER = "./assist-h5-location-demo-swift/Swift-Bridging-Header.h";
				SWIFT_OPTIMIZATION_LEVEL = "-Onone";
				SWIFT_VERSION = 3.0;
			};
			name = Debug;
		};
		D971B6CC1E23318900F726EF /* Release */ = {
			isa = XCBuildConfiguration;
			baseConfigurationReference = 60A5C210EAF916852DDCB891 /* Pods-assist-h5-location-demo-swift.release.xcconfig */;
			buildSettings = {
				ASSETCATALOG_COMPILER_APPICON_NAME = AppIcon;
				CLANG_WARN_SUSPICIOUS_MOVE = YES;
				"CODE_SIGN_IDENTITY[sdk=iphoneos*]" = "iPhone Distribution";
				DEVELOPMENT_TEAM = YMJ372W38W;
				INFOPLIST_FILE = "assist-h5-location-demo-swift/Info.plist";
				IPHONEOS_DEPLOYMENT_TARGET = 8.0;
				LD_RUNPATH_SEARCH_PATHS = "$(inherited) @executable_path/Frameworks";
				PRODUCT_BUNDLE_IDENTIFIER = "com.autonavi.assist-h5-location-demo";
				PRODUCT_NAME = "$(TARGET_NAME)";
				PROVISIONING_PROFILE = "a892512d-fe94-4702-b716-0b66880b936d";
				PROVISIONING_PROFILE_SPECIFIER = openPlatformInhouse;
				SWIFT_OBJC_BRIDGING_HEADER = "./assist-h5-location-demo-swift/Swift-Bridging-Header.h";
				SWIFT_OPTIMIZATION_LEVEL = "-Owholemodule";
				SWIFT_VERSION = 3.0;
			};
			name = Release;
		};
		D98F9BEB1E23931A0040F730 /* Debug */ = {
			isa = XCBuildConfiguration;
			buildSettings = {
				CLANG_WARN_SUSPICIOUS_MOVE = YES;
				DEVELOPMENT_TEAM = YMJ372W38W;
				INFOPLIST_FILE = "assist-h5-location-demoUITests/Info.plist";
				IPHONEOS_DEPLOYMENT_TARGET = 10.2;
				LD_RUNPATH_SEARCH_PATHS = "$(inherited) @executable_path/Frameworks @loader_path/Frameworks";
				PRODUCT_BUNDLE_IDENTIFIER = "com.autonavi.assist-h5-location-demoUITests";
				PRODUCT_NAME = "$(TARGET_NAME)";
				PROVISIONING_PROFILE = "8014ae4e-33b6-4937-87e3-3725a2aad4f7";
				PROVISIONING_PROFILE_SPECIFIER = openPlatform_development;
				TEST_TARGET_NAME = "assist-h5-location-demo";
			};
			name = Debug;
		};
		D98F9BEC1E23931A0040F730 /* Release */ = {
			isa = XCBuildConfiguration;
			buildSettings = {
				CLANG_WARN_SUSPICIOUS_MOVE = YES;
				DEVELOPMENT_TEAM = YMJ372W38W;
				INFOPLIST_FILE = "assist-h5-location-demoUITests/Info.plist";
				IPHONEOS_DEPLOYMENT_TARGET = 10.2;
				LD_RUNPATH_SEARCH_PATHS = "$(inherited) @executable_path/Frameworks @loader_path/Frameworks";
				PRODUCT_BUNDLE_IDENTIFIER = "com.autonavi.assist-h5-location-demoUITests";
				PRODUCT_NAME = "$(TARGET_NAME)";
				PROVISIONING_PROFILE = "8014ae4e-33b6-4937-87e3-3725a2aad4f7";
				PROVISIONING_PROFILE_SPECIFIER = openPlatform_development;
				TEST_TARGET_NAME = "assist-h5-location-demo";
			};
			name = Release;
		};
/* End XCBuildConfiguration section */

/* Begin XCConfigurationList section */
		D96AE6301DEFBD5300E465F9 /* Build configuration list for PBXProject "assist-h5-location-demo" */ = {
			isa = XCConfigurationList;
			buildConfigurations = (
				D96AE64A1DEFBD5300E465F9 /* Debug */,
				D96AE64B1DEFBD5300E465F9 /* Release */,
			);
			defaultConfigurationIsVisible = 0;
			defaultConfigurationName = Release;
		};
		D96AE64C1DEFBD5300E465F9 /* Build configuration list for PBXNativeTarget "assist-h5-location-demo" */ = {
			isa = XCConfigurationList;
			buildConfigurations = (
				D96AE64D1DEFBD5300E465F9 /* Debug */,
				D96AE64E1DEFBD5300E465F9 /* Release */,
			);
			defaultConfigurationIsVisible = 0;
			defaultConfigurationName = Release;
		};
		D971B6CD1E23318900F726EF /* Build configuration list for PBXNativeTarget "assist-h5-location-demo-swift" */ = {
			isa = XCConfigurationList;
			buildConfigurations = (
				D971B6CB1E23318900F726EF /* Debug */,
				D971B6CC1E23318900F726EF /* Release */,
			);
			defaultConfigurationIsVisible = 0;
			defaultConfigurationName = Release;
		};
		D98F9BED1E23931A0040F730 /* Build configuration list for PBXNativeTarget "assist-h5-location-demoUITests" */ = {
			isa = XCConfigurationList;
			buildConfigurations = (
				D98F9BEB1E23931A0040F730 /* Debug */,
				D98F9BEC1E23931A0040F730 /* Release */,
			);
			defaultConfigurationIsVisible = 0;
		};
/* End XCConfigurationList section */
	};
	rootObject = D96AE62D1DEFBD5300E465F9 /* Project object */;
}
